
Microsoft Visual Studio Solution File, Format Version 12.00
# Visual Studio Version 16
VisualStudioVersion = 16.0.30503.244
MinimumVisualStudioVersion = 10.0.40219.1
Project("{FAE04EC0-301F-11D3-BF4B-00C04F79EFBC}") = "Inlämningsuppgift2", "Inlämningsuppgift2\Inlämningsuppgift2.csproj", "{F114DA9A-FFDA-4600-85B4-7970C9DA31A6}"
EndProject
Global
	GlobalSection(SolutionConfigurationPlatforms) = preSolution
		Debug|Any CPU = Debug|Any CPU
		Release|Any CPU = Release|Any CPU
	EndGlobalSection
	GlobalSection(ProjectConfigurationPlatforms) = postSolution
		{F114DA9A-FFDA-4600-85B4-7970C9DA31A6}.Debug|Any CPU.ActiveCfg = Debug|Any CPU
		{F114DA9A-FFDA-4600-85B4-7970C9DA31A6}.Debug|Any CPU.Build.0 = Debug|Any CPU
		{F114DA9A-FFDA-4600-85B4-7970C9DA31A6}.Release|Any CPU.ActiveCfg = Release|Any CPU
		{F114DA9A-FFDA-4600-85B4-7970C9DA31A6}.Release|Any CPU.Build.0 = Release|Any CPU
	EndGlobalSection
	GlobalSection(SolutionProperties) = preSolution
		HideSolutionNode = FALSE
	EndGlobalSection
	GlobalSection(ExtensibilityGlobals) = postSolution
		SolutionGuid = {FBD5F466-737A-40F6-9A87-90A1DA37925B}
	EndGlobalSection
EndGlobal
